# generated by rye
# use `rye lock` or `rye sync` to update this lockfile
#
# last locked with the following flags:
#   pre: false
#   features: []
#   all-features: false
#   with-sources: false
#   generate-hashes: false
#   universal: false

-e file:.
certifi==2024.7.4
    # via opensearch-py
    # via requests
charset-normalizer==3.3.2
    # via requests
events==0.5
    # via opensearch-py
idna==3.8
    # via requests
iniconfig==2.0.0
    # via pytest
opensearch-py==2.7.1
    # via python-prj-template
packaging==24.1
    # via pytest
pluggy==1.5.0
    # via pytest
pytest==8.3.2
    # via python-prj-template
python-dateutil==2.9.0.post0
    # via opensearch-py
requests==2.32.3
    # via opensearch-py
six==1.16.0
    # via python-dateutil
toml==0.10.2
    # via python-prj-template
urllib3==2.2.2
    # via opensearch-py
    # via requests
